
Microsoft Visual Studio Solution File, Format Version 12.00
# Visual Studio Version 16
VisualStudioVersion = 16.0.32630.194
MinimumVisualStudioVersion = 10.0.40219.1
Project("{FAE04EC0-301F-11D3-BF4B-00C04F79EFBC}") = "ConsoleUI", "ConsoleUI\ConsoleUI.csproj", "{AD9B4401-0F59-4450-934A-6B291C51A6EB}"
EndProject
Project("{FAE04EC0-301F-11D3-BF4B-00C04F79EFBC}") = "Utopic_Library", "Utopic_Library\Utopic_Library.csproj", "{2B48CD0B-1651-4873-8FA6-21BE4E824C23}"
EndProject
Global
	GlobalSection(SolutionConfigurationPlatforms) = preSolution
		Debug|Any CPU = Debug|Any CPU
		Release|Any CPU = Release|Any CPU
	EndGlobalSection
	GlobalSection(ProjectConfigurationPlatforms) = postSolution
		{AD9B4401-0F59-4450-934A-6B291C51A6EB}.Debug|Any CPU.ActiveCfg = Debug|Any CPU
		{AD9B4401-0F59-4450-934A-6B291C51A6EB}.Debug|Any CPU.Build.0 = Debug|Any CPU
		{AD9B4401-0F59-4450-934A-6B291C51A6EB}.Release|Any CPU.ActiveCfg = Release|Any CPU
		{AD9B4401-0F59-4450-934A-6B291C51A6EB}.Release|Any CPU.Build.0 = Release|Any CPU
		{2B48CD0B-1651-4873-8FA6-21BE4E824C23}.Debug|Any CPU.ActiveCfg = Debug|Any CPU
		{2B48CD0B-1651-4873-8FA6-21BE4E824C23}.Debug|Any CPU.Build.0 = Debug|Any CPU
		{2B48CD0B-1651-4873-8FA6-21BE4E824C23}.Release|Any CPU.ActiveCfg = Release|Any CPU
		{2B48CD0B-1651-4873-8FA6-21BE4E824C23}.Release|Any CPU.Build.0 = Release|Any CPU
	EndGlobalSection
	GlobalSection(SolutionProperties) = preSolution
		HideSolutionNode = FALSE
	EndGlobalSection
	GlobalSection(ExtensibilityGlobals) = postSolution
		SolutionGuid = {0D847A10-5425-4CF1-9843-27B1DB7FD9B7}
	EndGlobalSection
EndGlobal
